// !$*UTF8*$!
{
	archiveVersion = 1;
	classes = {
	};
	objectVersion = 55;
	objects = {

/* Begin PBXBuildFile section */
		340945B6448A2411C15D2EF4 /* ImageProcessor.swift in Sources */ = {isa = PBXBuildFile; fileRef = 6C2874D4046A78936DE99053 /* ImageProcessor.swift */; };
		6CD21F89B3F2E1636C921057 /* CropSplitApp.swift in Sources */ = {isa = PBXBuildFile; fileRef = 41350FF4A46C74114DC24C14 /* CropSplitApp.swift */; };
		FDD33CB5638B474964F6E08E /* ContentView.swift in Sources */ = {isa = PBXBuildFile; fileRef = C1F756CFDED85FC9591B8862 /* ContentView.swift */; };
/* End PBXBuildFile section */

/* Begin PBXCopyFilesBuildPhase section */
		0FA3768A6E4BADE23A71DAC0 /* Embed Frameworks */ = {
			isa = PBXCopyFilesBuildPhase;
			buildActionMask = 2147483647;
			dstPath = "";
			dstSubfolderSpec = 10;
			files = (
			);
			name = "Embed Frameworks";
			runOnlyForDeploymentPostprocessing = 0;
		};
/* End PBXCopyFilesBuildPhase section */

/* Begin PBXFileReference section */
		41350FF4A46C74114DC24C14 /* CropSplitApp.swift */ = {isa = PBXFileReference; lastKnownFileType = sourcecode.swift; path = CropSplitApp.swift; sourceTree = "<group>"; };
		6611048DAA5473F7FF716067 /* CropSplitImageApp-Info.plist */ = {isa = PBXFileReference; lastKnownFileType = text.plist; path = "CropSplitImageApp-Info.plist"; sourceTree = "<group>"; };
		6C2874D4046A78936DE99053 /* ImageProcessor.swift */ = {isa = PBXFileReference; lastKnownFileType = sourcecode.swift; path = ImageProcessor.swift; sourceTree = "<group>"; };
		9D474EDF749A5AA86B9D394E /* CropSplitImageApp.app */ = {isa = PBXFileReference; explicitFileType = wrapper.application; includeInIndex = 0; path = CropSplitImageApp.app; sourceTree = BUILT_PRODUCTS_DIR; };
		C1F756CFDED85FC9591B8862 /* ContentView.swift */ = {isa = PBXFileReference; lastKnownFileType = sourcecode.swift; path = ContentView.swift; sourceTree = "<group>"; };
/* End PBXFileReference section */

/* Begin PBXFrameworksBuildPhase section */
		67CFF37D1BFDB9665AB6F262 /* Frameworks */ = {
			isa = PBXFrameworksBuildPhase;
			buildActionMask = 2147483647;
			files = (
			);
			runOnlyForDeploymentPostprocessing = 0;
		};
/* End PBXFrameworksBuildPhase section */

/* Begin PBXGroup section */
		14B34F3207D110A59A0531C9 /* Project */ = {
			isa = PBXGroup;
			children = (
				FEF075CF31173C048B54102C /* Derived */,
				20469327EBD222A808EE9A3D /* Sources */,
			);
			name = Project;
			sourceTree = "<group>";
		};
		17BA7B085080D176A1111E63 /* InfoPlists */ = {
			isa = PBXGroup;
			children = (
				6611048DAA5473F7FF716067 /* CropSplitImageApp-Info.plist */,
			);
			path = InfoPlists;
			sourceTree = "<group>";
		};
		20469327EBD222A808EE9A3D /* Sources */ = {
			isa = PBXGroup;
			children = (
				471C66FE4B6BDFF682A1B03A /* CropSplitApp */,
			);
			path = Sources;
			sourceTree = "<group>";
		};
		2DB8B1B044220F445E0731C5 = {
			isa = PBXGroup;
			children = (
				3D413D5F4E38051B4295DC7E /* Products */,
				14B34F3207D110A59A0531C9 /* Project */,
			);
			sourceTree = "<group>";
		};
		3D413D5F4E38051B4295DC7E /* Products */ = {
			isa = PBXGroup;
			children = (
				9D474EDF749A5AA86B9D394E /* CropSplitImageApp.app */,
			);
			name = Products;
			sourceTree = "<group>";
		};
		471C66FE4B6BDFF682A1B03A /* CropSplitApp */ = {
			isa = PBXGroup;
			children = (
				C1F756CFDED85FC9591B8862 /* ContentView.swift */,
				41350FF4A46C74114DC24C14 /* CropSplitApp.swift */,
				6C2874D4046A78936DE99053 /* ImageProcessor.swift */,
			);
			path = CropSplitApp;
			sourceTree = "<group>";
		};
		FEF075CF31173C048B54102C /* Derived */ = {
			isa = PBXGroup;
			children = (
				17BA7B085080D176A1111E63 /* InfoPlists */,
			);
			path = Derived;
			sourceTree = "<group>";
		};
/* End PBXGroup section */

/* Begin PBXNativeTarget section */
		F4B15F2C9B088E96EE68A149 /* CropSplitImageApp */ = {
			isa = PBXNativeTarget;
			buildConfigurationList = 508EEB1989408819D35E2A60 /* Build configuration list for PBXNativeTarget "CropSplitImageApp" */;
			buildPhases = (
				C728A5EA69136F6D7D53C935 /* Sources */,
				BFA5A8702192C1CA69122F8C /* Resources */,
				67CFF37D1BFDB9665AB6F262 /* Frameworks */,
				0FA3768A6E4BADE23A71DAC0 /* Embed Frameworks */,
			);
			buildRules = (
			);
			dependencies = (
			);
			name = CropSplitImageApp;
			packageProductDependencies = (
			);
			productName = CropSplitImageApp;
			productReference = 9D474EDF749A5AA86B9D394E /* CropSplitImageApp.app */;
			productType = "com.apple.product-type.application";
		};
/* End PBXNativeTarget section */

/* Begin PBXProject section */
		1D0206945BA1202BE4C59452 /* Project object */ = {
			isa = PBXProject;
			attributes = {
				BuildIndependentTargetsInParallel = YES;
				ORGANIZATIONNAME = com.hyeongkyu;
				TargetAttributes = {
				};
			};
			buildConfigurationList = 3D8224B0D8C3A491F8C896CD /* Build configuration list for PBXProject "CropSplitImage" */;
			compatibilityVersion = "Xcode 14.0";
			developmentRegion = en;
			hasScannedForEncodings = 0;
			knownRegions = (
				Base,
				en,
			);
			mainGroup = 2DB8B1B044220F445E0731C5;
			productRefGroup = 3D413D5F4E38051B4295DC7E /* Products */;
			projectDirPath = "";
			projectRoot = "";
			targets = (
				F4B15F2C9B088E96EE68A149 /* CropSplitImageApp */,
			);
		};
/* End PBXProject section */

/* Begin PBXResourcesBuildPhase section */
		BFA5A8702192C1CA69122F8C /* Resources */ = {
			isa = PBXResourcesBuildPhase;
			buildActionMask = 2147483647;
			files = (
			);
			runOnlyForDeploymentPostprocessing = 0;
		};
/* End PBXResourcesBuildPhase section */

/* Begin PBXSourcesBuildPhase section */
		C728A5EA69136F6D7D53C935 /* Sources */ = {
			isa = PBXSourcesBuildPhase;
			buildActionMask = 2147483647;
			files = (
				FDD33CB5638B474964F6E08E /* ContentView.swift in Sources */,
				6CD21F89B3F2E1636C921057 /* CropSplitApp.swift in Sources */,
				340945B6448A2411C15D2EF4 /* ImageProcessor.swift in Sources */,
			);
			runOnlyForDeploymentPostprocessing = 0;
		};
/* End PBXSourcesBuildPhase section */

/* Begin XCBuildConfiguration section */
		5404C2B0497F3BB669F4113F /* Release */ = {
			isa = XCBuildConfiguration;
			buildSettings = {
				ASSETCATALOG_COMPILER_APPICON_NAME = AppIcon;
				ASSETCATALOG_COMPILER_GLOBAL_ACCENT_COLOR_NAME = AccentColor;
				CODE_SIGN_IDENTITY = "-";
				COMBINE_HIDPI_IMAGES = YES;
				ENABLE_PREVIEWS = YES;
				INFOPLIST_FILE = "Derived/InfoPlists/CropSplitImageApp-Info.plist";
				LD_RUNPATH_SEARCH_PATHS = (
					"$(inherited)",
					"@executable_path/../Frameworks",
				);
				PRODUCT_BUNDLE_IDENTIFIER = com.hyeongkyu.CropSplitImageApp;
				PRODUCT_NAME = CropSplitImageApp;
				SDKROOT = macosx;
				SWIFT_COMPILATION_MODE = wholemodule;
				SWIFT_OPTIMIZATION_LEVEL = "-O";
				SWIFT_VERSION = 5.0;
			};
			name = Release;
		};
		92251D516CB6D29CC0A632A6 /* Debug */ = {
			isa = XCBuildConfiguration;
			buildSettings = {
				ASSETCATALOG_COMPILER_APPICON_NAME = AppIcon;
				ASSETCATALOG_COMPILER_GLOBAL_ACCENT_COLOR_NAME = AccentColor;
				CODE_SIGN_IDENTITY = "-";
				COMBINE_HIDPI_IMAGES = YES;
				ENABLE_PREVIEWS = YES;
				INFOPLIST_FILE = "Derived/InfoPlists/CropSplitImageApp-Info.plist";
				LD_RUNPATH_SEARCH_PATHS = (
					"$(inherited)",
					"@executable_path/../Frameworks",
				);
				PRODUCT_BUNDLE_IDENTIFIER = com.hyeongkyu.CropSplitImageApp;
				PRODUCT_NAME = CropSplitImageApp;
				SDKROOT = macosx;
				SWIFT_ACTIVE_COMPILATION_CONDITIONS = (
					"$(inherited)",
					DEBUG,
				);
				SWIFT_COMPILATION_MODE = singlefile;
				SWIFT_OPTIMIZATION_LEVEL = "-Onone";
				SWIFT_VERSION = 5.0;
			};
			name = Debug;
		};
		B5FF42AB8C54F36D55513366 /* Release */ = {
			isa = XCBuildConfiguration;
			buildSettings = {
				ALWAYS_SEARCH_USER_PATHS = NO;
				CLANG_ANALYZER_LOCALIZABILITY_NONLOCALIZED = YES;
				CLANG_ANALYZER_NONNULL = YES;
				CLANG_ANALYZER_NUMBER_OBJECT_CONVERSION = YES_AGGRESSIVE;
				CLANG_CXX_LANGUAGE_STANDARD = "gnu++14";
				CLANG_CXX_LIBRARY = "libc++";
				CLANG_ENABLE_MODULES = YES;
				CLANG_ENABLE_OBJC_ARC = YES;
				CLANG_ENABLE_OBJC_WEAK = YES;
				CLANG_WARN_BLOCK_CAPTURE_AUTORELEASING = YES;
				CLANG_WARN_BOOL_CONVERSION = YES;
				CLANG_WARN_COMMA = YES;
				CLANG_WARN_CONSTANT_CONVERSION = YES;
				CLANG_WARN_DEPRECATED_OBJC_IMPLEMENTATIONS = YES;
				CLANG_WARN_DIRECT_OBJC_ISA_USAGE = YES_ERROR;
				CLANG_WARN_DOCUMENTATION_COMMENTS = YES;
				CLANG_WARN_EMPTY_BODY = YES;
				CLANG_WARN_ENUM_CONVERSION = YES;
				CLANG_WARN_INFINITE_RECURSION = YES;
				CLANG_WARN_INT_CONVERSION = YES;
				CLANG_WARN_NON_LITERAL_NULL_CONVERSION = YES;
				CLANG_WARN_OBJC_IMPLICIT_RETAIN_SELF = YES;
				CLANG_WARN_OBJC_LITERAL_CONVERSION = YES;
				CLANG_WARN_OBJC_ROOT_CLASS = YES_ERROR;
				CLANG_WARN_QUOTED_INCLUDE_IN_FRAMEWORK_HEADER = YES;
				CLANG_WARN_RANGE_LOOP_ANALYSIS = YES;
				CLANG_WARN_STRICT_PROTOTYPES = YES;
				CLANG_WARN_SUSPICIOUS_MOVE = YES;
				CLANG_WARN_UNGUARDED_AVAILABILITY = YES_AGGRESSIVE;
				CLANG_WARN_UNREACHABLE_CODE = YES;
				CLANG_WARN__DUPLICATE_METHOD_MATCH = YES;
				COPY_PHASE_STRIP = NO;
				DEAD_CODE_STRIPPING = YES;
				DEBUG_INFORMATION_FORMAT = "dwarf-with-dsym";
				ENABLE_NS_ASSERTIONS = NO;
				ENABLE_STRICT_OBJC_MSGSEND = YES;
				GCC_C_LANGUAGE_STANDARD = gnu11;
				GCC_NO_COMMON_BLOCKS = YES;
				GCC_WARN_64_TO_32_BIT_CONVERSION = YES;
				GCC_WARN_ABOUT_RETURN_TYPE = YES_ERROR;
				GCC_WARN_UNDECLARED_SELECTOR = YES;
				GCC_WARN_UNINITIALIZED_AUTOS = YES_AGGRESSIVE;
				GCC_WARN_UNUSED_FUNCTION = YES;
				GCC_WARN_UNUSED_VARIABLE = YES;
				MTL_ENABLE_DEBUG_INFO = NO;
				PRODUCT_NAME = "$(TARGET_NAME)";
				VALIDATE_PRODUCT = YES;
			};
			name = Release;
		};
		C197EA57F2CAFAA7E59E1E82 /* Debug */ = {
			isa = XCBuildConfiguration;
			buildSettings = {
				ALWAYS_SEARCH_USER_PATHS = NO;
				CLANG_ANALYZER_LOCALIZABILITY_NONLOCALIZED = YES;
				CLANG_ANALYZER_NONNULL = YES;
				CLANG_ANALYZER_NUMBER_OBJECT_CONVERSION = YES_AGGRESSIVE;
				CLANG_CXX_LANGUAGE_STANDARD = "gnu++14";
				CLANG_CXX_LIBRARY = "libc++";
				CLANG_ENABLE_MODULES = YES;
				CLANG_ENABLE_OBJC_ARC = YES;
				CLANG_ENABLE_OBJC_WEAK = YES;
				CLANG_WARN_BLOCK_CAPTURE_AUTORELEASING = YES;
				CLANG_WARN_BOOL_CONVERSION = YES;
				CLANG_WARN_COMMA = YES;
				CLANG_WARN_CONSTANT_CONVERSION = YES;
				CLANG_WARN_DEPRECATED_OBJC_IMPLEMENTATIONS = YES;
				CLANG_WARN_DIRECT_OBJC_ISA_USAGE = YES_ERROR;
				CLANG_WARN_DOCUMENTATION_COMMENTS = YES;
				CLANG_WARN_EMPTY_BODY = YES;
				CLANG_WARN_ENUM_CONVERSION = YES;
				CLANG_WARN_INFINITE_RECURSION = YES;
				CLANG_WARN_INT_CONVERSION = YES;
				CLANG_WARN_NON_LITERAL_NULL_CONVERSION = YES;
				CLANG_WARN_OBJC_IMPLICIT_RETAIN_SELF = YES;
				CLANG_WARN_OBJC_LITERAL_CONVERSION = YES;
				CLANG_WARN_OBJC_ROOT_CLASS = YES_ERROR;
				CLANG_WARN_QUOTED_INCLUDE_IN_FRAMEWORK_HEADER = YES;
				CLANG_WARN_RANGE_LOOP_ANALYSIS = YES;
				CLANG_WARN_STRICT_PROTOTYPES = YES;
				CLANG_WARN_SUSPICIOUS_MOVE = YES;
				CLANG_WARN_UNGUARDED_AVAILABILITY = YES_AGGRESSIVE;
				CLANG_WARN_UNREACHABLE_CODE = YES;
				CLANG_WARN__DUPLICATE_METHOD_MATCH = YES;
				COPY_PHASE_STRIP = NO;
				DEAD_CODE_STRIPPING = YES;
				DEBUG_INFORMATION_FORMAT = dwarf;
				ENABLE_STRICT_OBJC_MSGSEND = YES;
				ENABLE_TESTABILITY = YES;
				GCC_C_LANGUAGE_STANDARD = gnu11;
				GCC_DYNAMIC_NO_PIC = NO;
				GCC_NO_COMMON_BLOCKS = YES;
				GCC_OPTIMIZATION_LEVEL = 0;
				GCC_PREPROCESSOR_DEFINITIONS = (
					"DEBUG=1",
					"$(inherited)",
				);
				GCC_WARN_64_TO_32_BIT_CONVERSION = YES;
				GCC_WARN_ABOUT_RETURN_TYPE = YES_ERROR;
				GCC_WARN_UNDECLARED_SELECTOR = YES;
				GCC_WARN_UNINITIALIZED_AUTOS = YES_AGGRESSIVE;
				GCC_WARN_UNUSED_FUNCTION = YES;
				GCC_WARN_UNUSED_VARIABLE = YES;
				MTL_ENABLE_DEBUG_INFO = YES;
				ONLY_ACTIVE_ARCH = YES;
				PRODUCT_NAME = "$(TARGET_NAME)";
			};
			name = Debug;
		};
/* End XCBuildConfiguration section */

/* Begin XCConfigurationList section */
		3D8224B0D8C3A491F8C896CD /* Build configuration list for PBXProject "CropSplitImage" */ = {
			isa = XCConfigurationList;
			buildConfigurations = (
				C197EA57F2CAFAA7E59E1E82 /* Debug */,
				B5FF42AB8C54F36D55513366 /* Release */,
			);
			defaultConfigurationIsVisible = 0;
			defaultConfigurationName = Release;
		};
		508EEB1989408819D35E2A60 /* Build configuration list for PBXNativeTarget "CropSplitImageApp" */ = {
			isa = XCConfigurationList;
			buildConfigurations = (
				92251D516CB6D29CC0A632A6 /* Debug */,
				5404C2B0497F3BB669F4113F /* Release */,
			);
			defaultConfigurationIsVisible = 0;
			defaultConfigurationName = Release;
		};
/* End XCConfigurationList section */
	};
	rootObject = 1D0206945BA1202BE4C59452 /* Project object */;
}
